
Microsoft Visual Studio Solution File, Format Version 12.00
# Visual Studio Version 17
VisualStudioVersion = 17.11.35327.3
MinimumVisualStudioVersion = 10.0.40219.1
Project("{9A19103F-16F7-4668-BE54-9A1E7A4F7556}") = "books", "books\books.csproj", "{B5CE4848-B9BF-479D-8C2A-E2258BB2671D}"
EndProject
Project("{9A19103F-16F7-4668-BE54-9A1E7A4F7556}") = "TestProject1", "TestProject1\TestProject1.csproj", "{78C77219-B076-4D0F-B79F-44A6059A0D2D}"
EndProject
Project("{FAE04EC0-301F-11D3-BF4B-00C04F79EFBC}") = "Books.service", "Books.service\Books.service.csproj", "{7218E3C9-08F4-46C2-9396-31019258CFB2}"
EndProject
Project("{FAE04EC0-301F-11D3-BF4B-00C04F79EFBC}") = "Books.data", "Books.data\Books.data.csproj", "{D6F75D71-9762-462E-94E8-F7BA2A814724}"
EndProject
Project("{FAE04EC0-301F-11D3-BF4B-00C04F79EFBC}") = "Books.core", "Books.core\Books.core.csproj", "{E3F86685-821C-4A1F-825C-E5FCAE94AF2F}"
EndProject
Global
	GlobalSection(SolutionConfigurationPlatforms) = preSolution
		Debug|Any CPU = Debug|Any CPU
		Release|Any CPU = Release|Any CPU
	EndGlobalSection
	GlobalSection(ProjectConfigurationPlatforms) = postSolution
		{B5CE4848-B9BF-479D-8C2A-E2258BB2671D}.Debug|Any CPU.ActiveCfg = Debug|Any CPU
		{B5CE4848-B9BF-479D-8C2A-E2258BB2671D}.Debug|Any CPU.Build.0 = Debug|Any CPU
		{B5CE4848-B9BF-479D-8C2A-E2258BB2671D}.Release|Any CPU.ActiveCfg = Release|Any CPU
		{B5CE4848-B9BF-479D-8C2A-E2258BB2671D}.Release|Any CPU.Build.0 = Release|Any CPU
		{78C77219-B076-4D0F-B79F-44A6059A0D2D}.Debug|Any CPU.ActiveCfg = Debug|Any CPU
		{78C77219-B076-4D0F-B79F-44A6059A0D2D}.Debug|Any CPU.Build.0 = Debug|Any CPU
		{78C77219-B076-4D0F-B79F-44A6059A0D2D}.Release|Any CPU.ActiveCfg = Release|Any CPU
		{78C77219-B076-4D0F-B79F-44A6059A0D2D}.Release|Any CPU.Build.0 = Release|Any CPU
		{7218E3C9-08F4-46C2-9396-31019258CFB2}.Debug|Any CPU.ActiveCfg = Debug|Any CPU
		{7218E3C9-08F4-46C2-9396-31019258CFB2}.Debug|Any CPU.Build.0 = Debug|Any CPU
		{7218E3C9-08F4-46C2-9396-31019258CFB2}.Release|Any CPU.ActiveCfg = Release|Any CPU
		{7218E3C9-08F4-46C2-9396-31019258CFB2}.Release|Any CPU.Build.0 = Release|Any CPU
		{D6F75D71-9762-462E-94E8-F7BA2A814724}.Debug|Any CPU.ActiveCfg = Debug|Any CPU
		{D6F75D71-9762-462E-94E8-F7BA2A814724}.Debug|Any CPU.Build.0 = Debug|Any CPU
		{D6F75D71-9762-462E-94E8-F7BA2A814724}.Release|Any CPU.ActiveCfg = Release|Any CPU
		{D6F75D71-9762-462E-94E8-F7BA2A814724}.Release|Any CPU.Build.0 = Release|Any CPU
		{E3F86685-821C-4A1F-825C-E5FCAE94AF2F}.Debug|Any CPU.ActiveCfg = Debug|Any CPU
		{E3F86685-821C-4A1F-825C-E5FCAE94AF2F}.Debug|Any CPU.Build.0 = Debug|Any CPU
		{E3F86685-821C-4A1F-825C-E5FCAE94AF2F}.Release|Any CPU.ActiveCfg = Release|Any CPU
		{E3F86685-821C-4A1F-825C-E5FCAE94AF2F}.Release|Any CPU.Build.0 = Release|Any CPU
	EndGlobalSection
	GlobalSection(SolutionProperties) = preSolution
		HideSolutionNode = FALSE
	EndGlobalSection
	GlobalSection(ExtensibilityGlobals) = postSolution
		SolutionGuid = {5C6097CC-506F-494D-AF15-381752958D68}
	EndGlobalSection
EndGlobal
